
Microsoft Visual Studio Solution File, Format Version 12.00
# Visual Studio 15
VisualStudioVersion = 15.0.28307.1231
MinimumVisualStudioVersion = 10.0.40219.1
Project("{FAE04EC0-301F-11D3-BF4B-00C04F79EFBC}") = "Astra", "Astra\Astra.csproj", "{C613BB66-F873-4FF1-BF1D-5EFED481965D}"
EndProject
Global
	GlobalSection(SolutionConfigurationPlatforms) = preSolution
		Debug|Any CPU = Debug|Any CPU
		Release|Any CPU = Release|Any CPU
	EndGlobalSection
	GlobalSection(ProjectConfigurationPlatforms) = postSolution
		{C613BB66-F873-4FF1-BF1D-5EFED481965D}.Debug|Any CPU.ActiveCfg = Debug|Any CPU
		{C613BB66-F873-4FF1-BF1D-5EFED481965D}.Debug|Any CPU.Build.0 = Debug|Any CPU
		{C613BB66-F873-4FF1-BF1D-5EFED481965D}.Release|Any CPU.ActiveCfg = Release|Any CPU
		{C613BB66-F873-4FF1-BF1D-5EFED481965D}.Release|Any CPU.Build.0 = Release|Any CPU
	EndGlobalSection
	GlobalSection(SolutionProperties) = preSolution
		HideSolutionNode = FALSE
	EndGlobalSection
	GlobalSection(ExtensibilityGlobals) = postSolution
		SolutionGuid = {FD8615EA-BC89-49D0-B659-CD06C70CF643}
	EndGlobalSection
EndGlobal
